# THIS IS AN AUTOGENERATED FILE. DO NOT EDIT THIS FILE DIRECTLY.
# yarn lockfile v1


"@types/node@^7.0.14":
  version "7.0.39"
  resolved "https://registry.yarnpkg.com/@types/node/-/node-7.0.39.tgz#8aced4196387038113f6f9aa4014ab4c51edab3c"

babel-runtime@6.x.x:
  version "6.23.0"
  resolved "https://registry.yarnpkg.com/babel-runtime/-/babel-runtime-6.23.0.tgz#0a9489f144de70efb3ce4300accdb329e2fc543b"
  dependencies:
    core-js "^2.4.0"
    regenerator-runtime "^0.10.0"

bluebird@^3.4.6:
  version "3.5.0"
  resolved "https://registry.yarnpkg.com/bluebird/-/bluebird-3.5.0.tgz#791420d7f551eea2897453a8a77653f96606d67c"

core-js@^2.4.0:
  version "2.4.1"
  resolved "https://registry.yarnpkg.com/core-js/-/core-js-2.4.1.tgz#4de911e667b0eae9124e34254b53aea6fc618d3e"

encoding@^0.1.11:
  version "0.1.12"
  resolved "https://registry.yarnpkg.com/encoding/-/encoding-0.1.12.tgz#538b66f3ee62cd1ab51ec323829d1f9480c74beb"
  dependencies:
    iconv-lite "~0.4.13"

graphcool-lib@^0.0.3:
  version "0.0.3"
  resolved "https://registry.yarnpkg.com/graphcool-lib/-/graphcool-lib-0.0.3.tgz#c7277782d975a6dd428c217409f7d8a44be0cc0e"
  dependencies:
    "@types/node" "^7.0.14"
    graphql-request "^1.2.0"
    source-map-support "^0.4.15"

graphql-request@^1.2.0:
  version "1.2.0"
  resolved "https://registry.yarnpkg.com/graphql-request/-/graphql-request-1.2.0.tgz#9be0945b2399342f1d495be96939b2421b0823a2"
  dependencies:
    isomorphic-fetch "^2.2.1"

iconv-lite@~0.4.13:
  version "0.4.15"
  resolved "https://registry.yarnpkg.com/iconv-lite/-/iconv-lite-0.4.15.tgz#fe265a218ac6a57cfe854927e9d04c19825eddeb"

is-stream@^1.0.1:
  version "1.1.0"
  resolved "https://registry.yarnpkg.com/is-stream/-/is-stream-1.1.0.tgz#12d4a3dd4e68e0b79ceb8dbc84173ae80d91ca44"

isomorphic-fetch@^2.2.1:
  version "2.2.1"
  resolved "https://registry.yarnpkg.com/isomorphic-fetch/-/isomorphic-fetch-2.2.1.tgz#611ae1acf14f5e81f729507472819fe9733558a9"
  dependencies:
    node-fetch "^1.0.1"
    whatwg-fetch ">=0.10.0"

lodash@^4.17.2:
  version "4.17.4"
  resolved "https://registry.yarnpkg.com/lodash/-/lodash-4.17.4.tgz#78203a4d1c328ae1d86dca6460e369b57f4055ae"

lokka-transport-http@^1.6.1:
  version "1.6.1"
  resolved "https://registry.yarnpkg.com/lokka-transport-http/-/lokka-transport-http-1.6.1.tgz#0dfbc2dc9e825f6e5821830f3f3f7f3f83a4ad65"
  dependencies:
    babel-runtime "6.x.x"
    node-fetch "^1.5.2"
    whatwg-fetch "^1.0.0"

lokka@^1.7.0:
  version "1.7.0"
  resolved "https://registry.yarnpkg.com/lokka/-/lokka-1.7.0.tgz#ab2e8334612d2afd359aa89047547bd7de21046c"
  dependencies:
    babel-runtime "6.x.x"
    uuid "2.x.x"

node-fetch@^1.0.1, node-fetch@^1.5.2:
  version "1.6.3"
  resolved "https://registry.yarnpkg.com/node-fetch/-/node-fetch-1.6.3.tgz#dc234edd6489982d58e8f0db4f695029abcd8c04"
  dependencies:
    encoding "^0.1.11"
    is-stream "^1.0.1"

regenerator-runtime@^0.10.0:
  version "0.10.3"
  resolved "https://registry.yarnpkg.com/regenerator-runtime/-/regenerator-runtime-0.10.3.tgz#8c4367a904b51ea62a908ac310bf99ff90a82a3e"

source-map-support@^0.4.15:
  version "0.4.15"
  resolved "https://registry.yarnpkg.com/source-map-support/-/source-map-support-0.4.15.tgz#03202df65c06d2bd8c7ec2362a193056fef8d3b1"
  dependencies:
    source-map "^0.5.6"

source-map@^0.5.6:
  version "0.5.6"
  resolved "https://registry.yarnpkg.com/source-map/-/source-map-0.5.6.tgz#75ce38f52bf0733c5a7f0c118d81334a2bb5f412"

uuid@2.x.x:
  version "2.0.3"
  resolved "https://registry.yarnpkg.com/uuid/-/uuid-2.0.3.tgz#67e2e863797215530dff318e5bf9dcebfd47b21a"

whatwg-fetch@>=0.10.0, whatwg-fetch@^1.0.0:
  version "1.1.1"
  resolved "https://registry.yarnpkg.com/whatwg-fetch/-/whatwg-fetch-1.1.1.tgz#ac3c9d39f320c6dce5339969d054ef43dd333319"
